
Microsoft Visual Studio Solution File, Format Version 12.00
# Visual Studio Version 16
VisualStudioVersion = 16.0.30406.217
MinimumVisualStudioVersion = 10.0.40219.1
Project("{9A19103F-16F7-4668-BE54-9A1E7A4F7556}") = "CIPTool", "CIPTool\CIPTool.csproj", "{EADF2051-6D39-4869-BCE4-98D0C85E4057}"
EndProject
Project("{2150E333-8FDC-42A3-9474-1A3956D46DE8}") = "Data", "Data", "{40EE23C9-6722-4A2E-BF6D-4C475D6FB714}"
EndProject
Project("{2150E333-8FDC-42A3-9474-1A3956D46DE8}") = "Business", "Business", "{C23358CF-EEA1-4870-B51F-E5F984685761}"
EndProject
Project("{FAE04EC0-301F-11D3-BF4B-00C04F79EFBC}") = "DataAcessLayer", "DataAcessLayer\DataAcessLayer.csproj", "{6A91F6BE-1833-474D-8758-C1700A6D4B9F}"
EndProject
Project("{FAE04EC0-301F-11D3-BF4B-00C04F79EFBC}") = "BusinessLogicLayer", "BusinessLogicLayer\BusinessLogicLayer.csproj", "{7DF68251-C737-4BC7-B2AC-42076E51103B}"
EndProject
Project("{FAE04EC0-301F-11D3-BF4B-00C04F79EFBC}") = "BusinessObjectLayer", "BusinessObjectLayer\BusinessObjectLayer.csproj", "{0001401B-69AD-4581-B341-0CAE5ACF87B7}"
EndProject
Global
	GlobalSection(SolutionConfigurationPlatforms) = preSolution
		Debug|Any CPU = Debug|Any CPU
		Release|Any CPU = Release|Any CPU
	EndGlobalSection
	GlobalSection(ProjectConfigurationPlatforms) = postSolution
		{EADF2051-6D39-4869-BCE4-98D0C85E4057}.Debug|Any CPU.ActiveCfg = Debug|Any CPU
		{EADF2051-6D39-4869-BCE4-98D0C85E4057}.Debug|Any CPU.Build.0 = Debug|Any CPU
		{EADF2051-6D39-4869-BCE4-98D0C85E4057}.Release|Any CPU.ActiveCfg = Release|Any CPU
		{EADF2051-6D39-4869-BCE4-98D0C85E4057}.Release|Any CPU.Build.0 = Release|Any CPU
		{6A91F6BE-1833-474D-8758-C1700A6D4B9F}.Debug|Any CPU.ActiveCfg = Debug|Any CPU
		{6A91F6BE-1833-474D-8758-C1700A6D4B9F}.Debug|Any CPU.Build.0 = Debug|Any CPU
		{6A91F6BE-1833-474D-8758-C1700A6D4B9F}.Release|Any CPU.ActiveCfg = Release|Any CPU
		{6A91F6BE-1833-474D-8758-C1700A6D4B9F}.Release|Any CPU.Build.0 = Release|Any CPU
		{7DF68251-C737-4BC7-B2AC-42076E51103B}.Debug|Any CPU.ActiveCfg = Debug|Any CPU
		{7DF68251-C737-4BC7-B2AC-42076E51103B}.Debug|Any CPU.Build.0 = Debug|Any CPU
		{7DF68251-C737-4BC7-B2AC-42076E51103B}.Release|Any CPU.ActiveCfg = Release|Any CPU
		{7DF68251-C737-4BC7-B2AC-42076E51103B}.Release|Any CPU.Build.0 = Release|Any CPU
		{0001401B-69AD-4581-B341-0CAE5ACF87B7}.Debug|Any CPU.ActiveCfg = Debug|Any CPU
		{0001401B-69AD-4581-B341-0CAE5ACF87B7}.Debug|Any CPU.Build.0 = Debug|Any CPU
		{0001401B-69AD-4581-B341-0CAE5ACF87B7}.Release|Any CPU.ActiveCfg = Release|Any CPU
		{0001401B-69AD-4581-B341-0CAE5ACF87B7}.Release|Any CPU.Build.0 = Release|Any CPU
	EndGlobalSection
	GlobalSection(SolutionProperties) = preSolution
		HideSolutionNode = FALSE
	EndGlobalSection
	GlobalSection(NestedProjects) = preSolution
		{6A91F6BE-1833-474D-8758-C1700A6D4B9F} = {40EE23C9-6722-4A2E-BF6D-4C475D6FB714}
		{7DF68251-C737-4BC7-B2AC-42076E51103B} = {C23358CF-EEA1-4870-B51F-E5F984685761}
		{0001401B-69AD-4581-B341-0CAE5ACF87B7} = {C23358CF-EEA1-4870-B51F-E5F984685761}
	EndGlobalSection
	GlobalSection(ExtensibilityGlobals) = postSolution
		SolutionGuid = {64E1E54B-C6D7-4AE8-8A73-6D5254305EFD}
	EndGlobalSection
EndGlobal
